
Microsoft Visual Studio Solution File, Format Version 12.00
# Visual Studio Version 16
VisualStudioVersion = 16.0.31025.194
MinimumVisualStudioVersion = 10.0.40219.1
Project("{888888A0-9F3D-457C-B088-3A5042F75D52}") = "DjangoWebProject1_Net", "DjangoWebProject1_Net.pyproj", "{9C2EE273-F705-4E17-BCBD-08E78F33B9E8}"
EndProject
Global
	GlobalSection(SolutionConfigurationPlatforms) = preSolution
		Debug|Any CPU = Debug|Any CPU
		Release|Any CPU = Release|Any CPU
	EndGlobalSection
	GlobalSection(ProjectConfigurationPlatforms) = postSolution
		{9C2EE273-F705-4E17-BCBD-08E78F33B9E8}.Debug|Any CPU.ActiveCfg = Debug|Any CPU
		{9C2EE273-F705-4E17-BCBD-08E78F33B9E8}.Debug|Any CPU.Build.0 = Debug|Any CPU
		{9C2EE273-F705-4E17-BCBD-08E78F33B9E8}.Release|Any CPU.ActiveCfg = Release|Any CPU
		{9C2EE273-F705-4E17-BCBD-08E78F33B9E8}.Release|Any CPU.Build.0 = Release|Any CPU
	EndGlobalSection
	GlobalSection(SolutionProperties) = preSolution
		HideSolutionNode = FALSE
	EndGlobalSection
	GlobalSection(ExtensibilityGlobals) = postSolution
		SolutionGuid = {662BE78A-8FBE-4359-B9FC-856DA21611BB}
	EndGlobalSection
EndGlobal
